
Microsoft Visual Studio Solution File, Format Version 12.00
# Visual Studio 15
VisualStudioVersion = 15.0.28010.2048
MinimumVisualStudioVersion = 10.0.40219.1
Project("{FAE04EC0-301F-11D3-BF4B-00C04F79EFBC}") = "Lesson3", "Lesson3\Lesson3.csproj", "{00F406B7-7F13-4BEF-B3FC-7A215E16D580}"
EndProject
Global
	GlobalSection(SolutionConfigurationPlatforms) = preSolution
		Debug|Any CPU = Debug|Any CPU
		Release|Any CPU = Release|Any CPU
	EndGlobalSection
	GlobalSection(ProjectConfigurationPlatforms) = postSolution
		{00F406B7-7F13-4BEF-B3FC-7A215E16D580}.Debug|Any CPU.ActiveCfg = Debug|Any CPU
		{00F406B7-7F13-4BEF-B3FC-7A215E16D580}.Debug|Any CPU.Build.0 = Debug|Any CPU
		{00F406B7-7F13-4BEF-B3FC-7A215E16D580}.Release|Any CPU.ActiveCfg = Release|Any CPU
		{00F406B7-7F13-4BEF-B3FC-7A215E16D580}.Release|Any CPU.Build.0 = Release|Any CPU
	EndGlobalSection
	GlobalSection(SolutionProperties) = preSolution
		HideSolutionNode = FALSE
	EndGlobalSection
	GlobalSection(ExtensibilityGlobals) = postSolution
		SolutionGuid = {47DE9D45-89CF-4282-A246-2C9CD9FBBC4D}
	EndGlobalSection
EndGlobal
