
Microsoft Visual Studio Solution File, Format Version 12.00
# Visual Studio 15
VisualStudioVersion = 15.0.28010.2048
MinimumVisualStudioVersion = 10.0.40219.1
Project("{FAE04EC0-301F-11D3-BF4B-00C04F79EFBC}") = "Lesson4", "Lesson4\Lesson4.csproj", "{05D10AD8-CFE9-4421-A78B-F99F5A36BC58}"
EndProject
Global
	GlobalSection(SolutionConfigurationPlatforms) = preSolution
		Debug|Any CPU = Debug|Any CPU
		Release|Any CPU = Release|Any CPU
	EndGlobalSection
	GlobalSection(ProjectConfigurationPlatforms) = postSolution
		{05D10AD8-CFE9-4421-A78B-F99F5A36BC58}.Debug|Any CPU.ActiveCfg = Debug|Any CPU
		{05D10AD8-CFE9-4421-A78B-F99F5A36BC58}.Debug|Any CPU.Build.0 = Debug|Any CPU
		{05D10AD8-CFE9-4421-A78B-F99F5A36BC58}.Release|Any CPU.ActiveCfg = Release|Any CPU
		{05D10AD8-CFE9-4421-A78B-F99F5A36BC58}.Release|Any CPU.Build.0 = Release|Any CPU
	EndGlobalSection
	GlobalSection(SolutionProperties) = preSolution
		HideSolutionNode = FALSE
	EndGlobalSection
	GlobalSection(ExtensibilityGlobals) = postSolution
		SolutionGuid = {C7C80430-9E12-403D-8247-D19897D23558}
	EndGlobalSection
EndGlobal
